// !$*UTF8*$!
{
	archiveVersion = 1;
	classes = {
	};
	objectVersion = 56;
	objects = {

/* Begin PBXBuildFile section */
		140682252C2A3B1B00E3915A /* HomeView.swift in Sources */ = {isa = PBXBuildFile; fileRef = 140682242C2A3B1B00E3915A /* HomeView.swift */; };
		140682272C2A3B5A00E3915A /* CalendarView.swift in Sources */ = {isa = PBXBuildFile; fileRef = 140682262C2A3B5A00E3915A /* CalendarView.swift */; };
		140682292C2A3B6D00E3915A /* ShoppingView.swift in Sources */ = {isa = PBXBuildFile; fileRef = 140682282C2A3B6D00E3915A /* ShoppingView.swift */; };
		142D476C2C2863ED00CAFCC9 /* CookingApp.swift in Sources */ = {isa = PBXBuildFile; fileRef = 142D476B2C2863ED00CAFCC9 /* CookingApp.swift */; };
		142D476E2C2863ED00CAFCC9 /* ContentView.swift in Sources */ = {isa = PBXBuildFile; fileRef = 142D476D2C2863ED00CAFCC9 /* ContentView.swift */; };
		142D47702C2863EF00CAFCC9 /* Assets.xcassets in Resources */ = {isa = PBXBuildFile; fileRef = 142D476F2C2863EF00CAFCC9 /* Assets.xcassets */; };
		142D47732C2863EF00CAFCC9 /* Preview Assets.xcassets in Resources */ = {isa = PBXBuildFile; fileRef = 142D47722C2863EF00CAFCC9 /* Preview Assets.xcassets */; };
		142D47802C28647A00CAFCC9 /* Modifiers.swift in Sources */ = {isa = PBXBuildFile; fileRef = 142D477F2C28647A00CAFCC9 /* Modifiers.swift */; };
		14C432822C3CB9F1002DBFB2 /* Errors.swift in Sources */ = {isa = PBXBuildFile; fileRef = 140682362C2A43E400E3915A /* Errors.swift */; };
		14C432832C3CB9F1002DBFB2 /* NetworkManager.swift in Sources */ = {isa = PBXBuildFile; fileRef = 140682342C2A3E6200E3915A /* NetworkManager.swift */; };
		14C432842C3CB9F1002DBFB2 /* BackendManager.swift in Sources */ = {isa = PBXBuildFile; fileRef = 141834EA2C2CF91300B12D1D /* BackendManager.swift */; };
		14C432852C3CB9F1002DBFB2 /* User.swift in Sources */ = {isa = PBXBuildFile; fileRef = 140682322C2A3D3700E3915A /* User.swift */; };
		14C432892C3CBAF7002DBFB2 /* LoginView.swift in Sources */ = {isa = PBXBuildFile; fileRef = 14C432862C3CBAF7002DBFB2 /* LoginView.swift */; };
		14C4328A2C3CBAF7002DBFB2 /* RegisterView.swift in Sources */ = {isa = PBXBuildFile; fileRef = 14C432872C3CBAF7002DBFB2 /* RegisterView.swift */; };
		C7062B922C2E2988004ADC12 /* Recipe.swift in Sources */ = {isa = PBXBuildFile; fileRef = 1406822C2C2A3CA000E3915A /* Recipe.swift */; };
		C7062B932C2E29B0004ADC12 /* Ingredient.swift in Sources */ = {isa = PBXBuildFile; fileRef = 1406822E2C2A3CCB00E3915A /* Ingredient.swift */; };
		C7062B952C2F2894004ADC12 /* Meal.swift in Sources */ = {isa = PBXBuildFile; fileRef = C7062B942C2F2894004ADC12 /* Meal.swift */; };
		C7062B972C2F2A28004ADC12 /* DummyData.swift in Sources */ = {isa = PBXBuildFile; fileRef = C7062B962C2F2A28004ADC12 /* DummyData.swift */; };
		C70EFBA02C35B106000E09FF /* RecipeSearchView.swift in Sources */ = {isa = PBXBuildFile; fileRef = C70EFB9F2C35B106000E09FF /* RecipeSearchView.swift */; };
		C752C2302C4A0A1500ABDD0A /* Recipes.json in Resources */ = {isa = PBXBuildFile; fileRef = C752C22F2C4A0A1500ABDD0A /* Recipes.json */; };
		C7649D4B2C4FEBB000D80874 /* AllRecipes.swift in Sources */ = {isa = PBXBuildFile; fileRef = C7649D4A2C4FEBAF00D80874 /* AllRecipes.swift */; };
		C77E4F522C34B33E00A346DF /* DayInfo.swift in Sources */ = {isa = PBXBuildFile; fileRef = C77E4F512C34B33E00A346DF /* DayInfo.swift */; };
		C77E4F542C34B5D800A346DF /* NonRecipeFood.swift in Sources */ = {isa = PBXBuildFile; fileRef = C77E4F532C34B5D800A346DF /* NonRecipeFood.swift */; };
		C77E4F562C34B98400A346DF /* NutritionalValue.swift in Sources */ = {isa = PBXBuildFile; fileRef = C77E4F552C34B98400A346DF /* NutritionalValue.swift */; };
		C79337F42C2C636700A7E0CE /* BentRentangle.swift in Sources */ = {isa = PBXBuildFile; fileRef = C79337F32C2C636700A7E0CE /* BentRentangle.swift */; };
		C79337F72C2CFB6100A7E0CE /* RecipeView.swift in Sources */ = {isa = PBXBuildFile; fileRef = C79337F62C2CFB6100A7E0CE /* RecipeView.swift */; };
/* End PBXBuildFile section */

/* Begin PBXFileReference section */
		140682242C2A3B1B00E3915A /* HomeView.swift */ = {isa = PBXFileReference; lastKnownFileType = sourcecode.swift; path = HomeView.swift; sourceTree = "<group>"; };
		140682262C2A3B5A00E3915A /* CalendarView.swift */ = {isa = PBXFileReference; lastKnownFileType = sourcecode.swift; path = CalendarView.swift; sourceTree = "<group>"; };
		140682282C2A3B6D00E3915A /* ShoppingView.swift */ = {isa = PBXFileReference; lastKnownFileType = sourcecode.swift; path = ShoppingView.swift; sourceTree = "<group>"; };
		1406822C2C2A3CA000E3915A /* Recipe.swift */ = {isa = PBXFileReference; lastKnownFileType = sourcecode.swift; path = Recipe.swift; sourceTree = "<group>"; };
		1406822E2C2A3CCB00E3915A /* Ingredient.swift */ = {isa = PBXFileReference; lastKnownFileType = sourcecode.swift; path = Ingredient.swift; sourceTree = "<group>"; };
		140682322C2A3D3700E3915A /* User.swift */ = {isa = PBXFileReference; lastKnownFileType = sourcecode.swift; path = User.swift; sourceTree = "<group>"; };
		140682342C2A3E6200E3915A /* NetworkManager.swift */ = {isa = PBXFileReference; lastKnownFileType = sourcecode.swift; path = NetworkManager.swift; sourceTree = "<group>"; };
		140682362C2A43E400E3915A /* Errors.swift */ = {isa = PBXFileReference; lastKnownFileType = sourcecode.swift; path = Errors.swift; sourceTree = "<group>"; };
		141834EA2C2CF91300B12D1D /* BackendManager.swift */ = {isa = PBXFileReference; lastKnownFileType = sourcecode.swift; path = BackendManager.swift; sourceTree = "<group>"; };
		142D47682C2863ED00CAFCC9 /* CookingApp.app */ = {isa = PBXFileReference; explicitFileType = wrapper.application; includeInIndex = 0; path = CookingApp.app; sourceTree = BUILT_PRODUCTS_DIR; };
		142D476B2C2863ED00CAFCC9 /* CookingApp.swift */ = {isa = PBXFileReference; lastKnownFileType = sourcecode.swift; path = CookingApp.swift; sourceTree = "<group>"; };
		142D476D2C2863ED00CAFCC9 /* ContentView.swift */ = {isa = PBXFileReference; lastKnownFileType = sourcecode.swift; path = ContentView.swift; sourceTree = "<group>"; };
		142D476F2C2863EF00CAFCC9 /* Assets.xcassets */ = {isa = PBXFileReference; lastKnownFileType = folder.assetcatalog; path = Assets.xcassets; sourceTree = "<group>"; };
		142D47722C2863EF00CAFCC9 /* Preview Assets.xcassets */ = {isa = PBXFileReference; lastKnownFileType = folder.assetcatalog; path = "Preview Assets.xcassets"; sourceTree = "<group>"; };
		142D477F2C28647A00CAFCC9 /* Modifiers.swift */ = {isa = PBXFileReference; lastKnownFileType = sourcecode.swift; path = Modifiers.swift; sourceTree = "<group>"; };
		14C432862C3CBAF7002DBFB2 /* LoginView.swift */ = {isa = PBXFileReference; fileEncoding = 4; lastKnownFileType = sourcecode.swift; path = LoginView.swift; sourceTree = "<group>"; };
		14C432872C3CBAF7002DBFB2 /* RegisterView.swift */ = {isa = PBXFileReference; fileEncoding = 4; lastKnownFileType = sourcecode.swift; path = RegisterView.swift; sourceTree = "<group>"; };
		C7062B942C2F2894004ADC12 /* Meal.swift */ = {isa = PBXFileReference; lastKnownFileType = sourcecode.swift; path = Meal.swift; sourceTree = "<group>"; };
		C7062B962C2F2A28004ADC12 /* DummyData.swift */ = {isa = PBXFileReference; lastKnownFileType = sourcecode.swift; path = DummyData.swift; sourceTree = "<group>"; };
		C70EFB9F2C35B106000E09FF /* RecipeSearchView.swift */ = {isa = PBXFileReference; lastKnownFileType = sourcecode.swift; path = RecipeSearchView.swift; sourceTree = "<group>"; };
		C752C22F2C4A0A1500ABDD0A /* Recipes.json */ = {isa = PBXFileReference; lastKnownFileType = text.json; path = Recipes.json; sourceTree = "<group>"; };
		C7649D4A2C4FEBAF00D80874 /* AllRecipes.swift */ = {isa = PBXFileReference; lastKnownFileType = sourcecode.swift; path = AllRecipes.swift; sourceTree = "<group>"; };
		C77E4F512C34B33E00A346DF /* DayInfo.swift */ = {isa = PBXFileReference; lastKnownFileType = sourcecode.swift; path = DayInfo.swift; sourceTree = "<group>"; };
		C77E4F532C34B5D800A346DF /* NonRecipeFood.swift */ = {isa = PBXFileReference; lastKnownFileType = sourcecode.swift; path = NonRecipeFood.swift; sourceTree = "<group>"; };
		C77E4F552C34B98400A346DF /* NutritionalValue.swift */ = {isa = PBXFileReference; lastKnownFileType = sourcecode.swift; path = NutritionalValue.swift; sourceTree = "<group>"; };
		C79337F32C2C636700A7E0CE /* BentRentangle.swift */ = {isa = PBXFileReference; lastKnownFileType = sourcecode.swift; path = BentRentangle.swift; sourceTree = "<group>"; };
		C79337F62C2CFB6100A7E0CE /* RecipeView.swift */ = {isa = PBXFileReference; lastKnownFileType = sourcecode.swift; path = RecipeView.swift; sourceTree = "<group>"; };
/* End PBXFileReference section */

/* Begin PBXFrameworksBuildPhase section */
		142D47652C2863ED00CAFCC9 /* Frameworks */ = {
			isa = PBXFrameworksBuildPhase;
			buildActionMask = 2147483647;
			files = (
			);
			runOnlyForDeploymentPostprocessing = 0;
		};
/* End PBXFrameworksBuildPhase section */

/* Begin PBXGroup section */
		140682212C2A3AE000E3915A /* Home */ = {
			isa = PBXGroup;
			children = (
				140682242C2A3B1B00E3915A /* HomeView.swift */,
				C79337F32C2C636700A7E0CE /* BentRentangle.swift */,
			);
			path = Home;
			sourceTree = "<group>";
		};
		140682222C2A3AE500E3915A /* Shopping */ = {
			isa = PBXGroup;
			children = (
				140682282C2A3B6D00E3915A /* ShoppingView.swift */,
			);
			path = Shopping;
			sourceTree = "<group>";
		};
		140682232C2A3B0100E3915A /* Calendar */ = {
			isa = PBXGroup;
			children = (
				140682262C2A3B5A00E3915A /* CalendarView.swift */,
			);
			path = Calendar;
			sourceTree = "<group>";
		};
		142D475F2C2863ED00CAFCC9 = {
			isa = PBXGroup;
			children = (
				142D476A2C2863ED00CAFCC9 /* CookingApp */,
				142D47692C2863ED00CAFCC9 /* Products */,
			);
			sourceTree = "<group>";
		};
		142D47692C2863ED00CAFCC9 /* Products */ = {
			isa = PBXGroup;
			children = (
				142D47682C2863ED00CAFCC9 /* CookingApp.app */,
			);
			name = Products;
			sourceTree = "<group>";
		};
		142D476A2C2863ED00CAFCC9 /* CookingApp */ = {
			isa = PBXGroup;
			children = (
				C7E7D1E52C489F5B001673FE /* LocalData */,
				142D477D2C28641900CAFCC9 /* Utils */,
				142D477C2C28641400CAFCC9 /* Managers */,
				142D477B2C28641000CAFCC9 /* Models */,
				142D477A2C28640B00CAFCC9 /* Components */,
				142D47792C28640400CAFCC9 /* Core */,
				142D476B2C2863ED00CAFCC9 /* CookingApp.swift */,
				142D476F2C2863EF00CAFCC9 /* Assets.xcassets */,
				142D47712C2863EF00CAFCC9 /* Preview Content */,
			);
			path = CookingApp;
			sourceTree = "<group>";
		};
		142D47712C2863EF00CAFCC9 /* Preview Content */ = {
			isa = PBXGroup;
			children = (
				142D47722C2863EF00CAFCC9 /* Preview Assets.xcassets */,
			);
			path = "Preview Content";
			sourceTree = "<group>";
		};
		142D47792C28640400CAFCC9 /* Core */ = {
			isa = PBXGroup;
			children = (
				14C432882C3CBAF7002DBFB2 /* Auth */,
				C79337F52C2CFB5000A7E0CE /* Recipe */,
				140682232C2A3B0100E3915A /* Calendar */,
				140682222C2A3AE500E3915A /* Shopping */,
				140682212C2A3AE000E3915A /* Home */,
				142D476D2C2863ED00CAFCC9 /* ContentView.swift */,
				C7062B962C2F2A28004ADC12 /* DummyData.swift */,
			);
			path = Core;
			sourceTree = "<group>";
		};
		142D477A2C28640B00CAFCC9 /* Components */ = {
			isa = PBXGroup;
			children = (
			);
			path = Components;
			sourceTree = "<group>";
		};
		142D477B2C28641000CAFCC9 /* Models */ = {
			isa = PBXGroup;
			children = (
				1406822C2C2A3CA000E3915A /* Recipe.swift */,
				1406822E2C2A3CCB00E3915A /* Ingredient.swift */,
				140682322C2A3D3700E3915A /* User.swift */,
				C7062B942C2F2894004ADC12 /* Meal.swift */,
				C77E4F512C34B33E00A346DF /* DayInfo.swift */,
				C77E4F532C34B5D800A346DF /* NonRecipeFood.swift */,
				C77E4F552C34B98400A346DF /* NutritionalValue.swift */,
				C7649D4A2C4FEBAF00D80874 /* AllRecipes.swift */,
			);
			path = Models;
			sourceTree = "<group>";
		};
		142D477C2C28641400CAFCC9 /* Managers */ = {
			isa = PBXGroup;
			children = (
				140682342C2A3E6200E3915A /* NetworkManager.swift */,
				141834EA2C2CF91300B12D1D /* BackendManager.swift */,
			);
			path = Managers;
			sourceTree = "<group>";
		};
		142D477D2C28641900CAFCC9 /* Utils */ = {
			isa = PBXGroup;
			children = (
				142D477F2C28647A00CAFCC9 /* Modifiers.swift */,
				140682362C2A43E400E3915A /* Errors.swift */,
			);
			path = Utils;
			sourceTree = "<group>";
		};
		14C432882C3CBAF7002DBFB2 /* Auth */ = {
			isa = PBXGroup;
			children = (
				14C432862C3CBAF7002DBFB2 /* LoginView.swift */,
				14C432872C3CBAF7002DBFB2 /* RegisterView.swift */,
			);
			path = Auth;
			sourceTree = "<group>";
		};
		C79337F52C2CFB5000A7E0CE /* Recipe */ = {
			isa = PBXGroup;
			children = (
				C79337F62C2CFB6100A7E0CE /* RecipeView.swift */,
				C70EFB9F2C35B106000E09FF /* RecipeSearchView.swift */,
			);
			path = Recipe;
			sourceTree = "<group>";
		};
		C7E7D1E52C489F5B001673FE /* LocalData */ = {
			isa = PBXGroup;
			children = (
				C752C22F2C4A0A1500ABDD0A /* Recipes.json */,
			);
			path = LocalData;
			sourceTree = "<group>";
		};
/* End PBXGroup section */

/* Begin PBXNativeTarget section */
		142D47672C2863ED00CAFCC9 /* CookingApp */ = {
			isa = PBXNativeTarget;
			buildConfigurationList = 142D47762C2863EF00CAFCC9 /* Build configuration list for PBXNativeTarget "CookingApp" */;
			buildPhases = (
				142D47642C2863ED00CAFCC9 /* Sources */,
				142D47652C2863ED00CAFCC9 /* Frameworks */,
				142D47662C2863ED00CAFCC9 /* Resources */,
			);
			buildRules = (
			);
			dependencies = (
			);
			name = CookingApp;
			productName = CookingApp;
			productReference = 142D47682C2863ED00CAFCC9 /* CookingApp.app */;
			productType = "com.apple.product-type.application";
		};
/* End PBXNativeTarget section */

/* Begin PBXProject section */
		142D47602C2863ED00CAFCC9 /* Project object */ = {
			isa = PBXProject;
			attributes = {
				BuildIndependentTargetsInParallel = 1;
				LastSwiftUpdateCheck = 1530;
				LastUpgradeCheck = 1530;
				TargetAttributes = {
					142D47672C2863ED00CAFCC9 = {
						CreatedOnToolsVersion = 15.3;
					};
				};
			};
			buildConfigurationList = 142D47632C2863ED00CAFCC9 /* Build configuration list for PBXProject "CookingApp" */;
			compatibilityVersion = "Xcode 14.0";
			developmentRegion = en;
			hasScannedForEncodings = 0;
			knownRegions = (
				en,
				Base,
			);
			mainGroup = 142D475F2C2863ED00CAFCC9;
			productRefGroup = 142D47692C2863ED00CAFCC9 /* Products */;
			projectDirPath = "";
			projectRoot = "";
			targets = (
				142D47672C2863ED00CAFCC9 /* CookingApp */,
			);
		};
/* End PBXProject section */

/* Begin PBXResourcesBuildPhase section */
		142D47662C2863ED00CAFCC9 /* Resources */ = {
			isa = PBXResourcesBuildPhase;
			buildActionMask = 2147483647;
			files = (
				142D47732C2863EF00CAFCC9 /* Preview Assets.xcassets in Resources */,
				C752C2302C4A0A1500ABDD0A /* Recipes.json in Resources */,
				142D47702C2863EF00CAFCC9 /* Assets.xcassets in Resources */,
			);
			runOnlyForDeploymentPostprocessing = 0;
		};
/* End PBXResourcesBuildPhase section */

/* Begin PBXSourcesBuildPhase section */
		142D47642C2863ED00CAFCC9 /* Sources */ = {
			isa = PBXSourcesBuildPhase;
			buildActionMask = 2147483647;
			files = (
				14C432822C3CB9F1002DBFB2 /* Errors.swift in Sources */,
				C7649D4B2C4FEBB000D80874 /* AllRecipes.swift in Sources */,
				14C432832C3CB9F1002DBFB2 /* NetworkManager.swift in Sources */,
				14C432842C3CB9F1002DBFB2 /* BackendManager.swift in Sources */,
				14C432852C3CB9F1002DBFB2 /* User.swift in Sources */,
				C7062B972C2F2A28004ADC12 /* DummyData.swift in Sources */,
				140682272C2A3B5A00E3915A /* CalendarView.swift in Sources */,
				142D476E2C2863ED00CAFCC9 /* ContentView.swift in Sources */,
				C7062B932C2E29B0004ADC12 /* Ingredient.swift in Sources */,
				14C432892C3CBAF7002DBFB2 /* LoginView.swift in Sources */,
				14C4328A2C3CBAF7002DBFB2 /* RegisterView.swift in Sources */,
				140682292C2A3B6D00E3915A /* ShoppingView.swift in Sources */,
				C70EFBA02C35B106000E09FF /* RecipeSearchView.swift in Sources */,
				C77E4F542C34B5D800A346DF /* NonRecipeFood.swift in Sources */,
				C77E4F562C34B98400A346DF /* NutritionalValue.swift in Sources */,
				C7062B952C2F2894004ADC12 /* Meal.swift in Sources */,
				140682252C2A3B1B00E3915A /* HomeView.swift in Sources */,
				142D47802C28647A00CAFCC9 /* Modifiers.swift in Sources */,
				142D476C2C2863ED00CAFCC9 /* CookingApp.swift in Sources */,
				C7062B922C2E2988004ADC12 /* Recipe.swift in Sources */,
				C77E4F522C34B33E00A346DF /* DayInfo.swift in Sources */,
				C79337F72C2CFB6100A7E0CE /* RecipeView.swift in Sources */,
				C79337F42C2C636700A7E0CE /* BentRentangle.swift in Sources */,
			);
			runOnlyForDeploymentPostprocessing = 0;
		};
/* End PBXSourcesBuildPhase section */

/* Begin XCBuildConfiguration section */
		142D47742C2863EF00CAFCC9 /* Debug */ = {
			isa = XCBuildConfiguration;
			buildSettings = {
				ALWAYS_SEARCH_USER_PATHS = NO;
				ASSETCATALOG_COMPILER_GENERATE_SWIFT_ASSET_SYMBOL_EXTENSIONS = YES;
				CLANG_ANALYZER_NONNULL = YES;
				CLANG_ANALYZER_NUMBER_OBJECT_CONVERSION = YES_AGGRESSIVE;
				CLANG_CXX_LANGUAGE_STANDARD = "gnu++20";
				CLANG_ENABLE_MODULES = YES;
				CLANG_ENABLE_OBJC_ARC = YES;
				CLANG_ENABLE_OBJC_WEAK = YES;
				CLANG_WARN_BLOCK_CAPTURE_AUTORELEASING = YES;
				CLANG_WARN_BOOL_CONVERSION = YES;
				CLANG_WARN_COMMA = YES;
				CLANG_WARN_CONSTANT_CONVERSION = YES;
				CLANG_WARN_DEPRECATED_OBJC_IMPLEMENTATIONS = YES;
				CLANG_WARN_DIRECT_OBJC_ISA_USAGE = YES_ERROR;
				CLANG_WARN_DOCUMENTATION_COMMENTS = YES;
				CLANG_WARN_EMPTY_BODY = YES;
				CLANG_WARN_ENUM_CONVERSION = YES;
				CLANG_WARN_INFINITE_RECURSION = YES;
				CLANG_WARN_INT_CONVERSION = YES;
				CLANG_WARN_NON_LITERAL_NULL_CONVERSION = YES;
				CLANG_WARN_OBJC_IMPLICIT_RETAIN_SELF = YES;
				CLANG_WARN_OBJC_LITERAL_CONVERSION = YES;
				CLANG_WARN_OBJC_ROOT_CLASS = YES_ERROR;
				CLANG_WARN_QUOTED_INCLUDE_IN_FRAMEWORK_HEADER = YES;
				CLANG_WARN_RANGE_LOOP_ANALYSIS = YES;
				CLANG_WARN_STRICT_PROTOTYPES = YES;
				CLANG_WARN_SUSPICIOUS_MOVE = YES;
				CLANG_WARN_UNGUARDED_AVAILABILITY = YES_AGGRESSIVE;
				CLANG_WARN_UNREACHABLE_CODE = YES;
				CLANG_WARN__DUPLICATE_METHOD_MATCH = YES;
				COPY_PHASE_STRIP = NO;
				DEBUG_INFORMATION_FORMAT = dwarf;
				ENABLE_STRICT_OBJC_MSGSEND = YES;
				ENABLE_TESTABILITY = YES;
				ENABLE_USER_SCRIPT_SANDBOXING = YES;
				GCC_C_LANGUAGE_STANDARD = gnu17;
				GCC_DYNAMIC_NO_PIC = NO;
				GCC_NO_COMMON_BLOCKS = YES;
				GCC_OPTIMIZATION_LEVEL = 0;
				GCC_PREPROCESSOR_DEFINITIONS = (
					"DEBUG=1",
					"$(inherited)",
				);
				GCC_WARN_64_TO_32_BIT_CONVERSION = YES;
				GCC_WARN_ABOUT_RETURN_TYPE = YES_ERROR;
				GCC_WARN_UNDECLARED_SELECTOR = YES;
				GCC_WARN_UNINITIALIZED_AUTOS = YES_AGGRESSIVE;
				GCC_WARN_UNUSED_FUNCTION = YES;
				GCC_WARN_UNUSED_VARIABLE = YES;
				IPHONEOS_DEPLOYMENT_TARGET = 17.4;
				LOCALIZATION_PREFERS_STRING_CATALOGS = YES;
				MTL_ENABLE_DEBUG_INFO = INCLUDE_SOURCE;
				MTL_FAST_MATH = YES;
				ONLY_ACTIVE_ARCH = YES;
				SDKROOT = iphoneos;
				SWIFT_ACTIVE_COMPILATION_CONDITIONS = "DEBUG $(inherited)";
				SWIFT_OPTIMIZATION_LEVEL = "-Onone";
			};
			name = Debug;
		};
		142D47752C2863EF00CAFCC9 /* Release */ = {
			isa = XCBuildConfiguration;
			buildSettings = {
				ALWAYS_SEARCH_USER_PATHS = NO;
				ASSETCATALOG_COMPILER_GENERATE_SWIFT_ASSET_SYMBOL_EXTENSIONS = YES;
				CLANG_ANALYZER_NONNULL = YES;
				CLANG_ANALYZER_NUMBER_OBJECT_CONVERSION = YES_AGGRESSIVE;
				CLANG_CXX_LANGUAGE_STANDARD = "gnu++20";
				CLANG_ENABLE_MODULES = YES;
				CLANG_ENABLE_OBJC_ARC = YES;
				CLANG_ENABLE_OBJC_WEAK = YES;
				CLANG_WARN_BLOCK_CAPTURE_AUTORELEASING = YES;
				CLANG_WARN_BOOL_CONVERSION = YES;
				CLANG_WARN_COMMA = YES;
				CLANG_WARN_CONSTANT_CONVERSION = YES;
				CLANG_WARN_DEPRECATED_OBJC_IMPLEMENTATIONS = YES;
				CLANG_WARN_DIRECT_OBJC_ISA_USAGE = YES_ERROR;
				CLANG_WARN_DOCUMENTATION_COMMENTS = YES;
				CLANG_WARN_EMPTY_BODY = YES;
				CLANG_WARN_ENUM_CONVERSION = YES;
				CLANG_WARN_INFINITE_RECURSION = YES;
				CLANG_WARN_INT_CONVERSION = YES;
				CLANG_WARN_NON_LITERAL_NULL_CONVERSION = YES;
				CLANG_WARN_OBJC_IMPLICIT_RETAIN_SELF = YES;
				CLANG_WARN_OBJC_LITERAL_CONVERSION = YES;
				CLANG_WARN_OBJC_ROOT_CLASS = YES_ERROR;
				CLANG_WARN_QUOTED_INCLUDE_IN_FRAMEWORK_HEADER = YES;
				CLANG_WARN_RANGE_LOOP_ANALYSIS = YES;
				CLANG_WARN_STRICT_PROTOTYPES = YES;
				CLANG_WARN_SUSPICIOUS_MOVE = YES;
				CLANG_WARN_UNGUARDED_AVAILABILITY = YES_AGGRESSIVE;
				CLANG_WARN_UNREACHABLE_CODE = YES;
				CLANG_WARN__DUPLICATE_METHOD_MATCH = YES;
				COPY_PHASE_STRIP = NO;
				DEBUG_INFORMATION_FORMAT = "dwarf-with-dsym";
				ENABLE_NS_ASSERTIONS = NO;
				ENABLE_STRICT_OBJC_MSGSEND = YES;
				ENABLE_USER_SCRIPT_SANDBOXING = YES;
				GCC_C_LANGUAGE_STANDARD = gnu17;
				GCC_NO_COMMON_BLOCKS = YES;
				GCC_WARN_64_TO_32_BIT_CONVERSION = YES;
				GCC_WARN_ABOUT_RETURN_TYPE = YES_ERROR;
				GCC_WARN_UNDECLARED_SELECTOR = YES;
				GCC_WARN_UNINITIALIZED_AUTOS = YES_AGGRESSIVE;
				GCC_WARN_UNUSED_FUNCTION = YES;
				GCC_WARN_UNUSED_VARIABLE = YES;
				IPHONEOS_DEPLOYMENT_TARGET = 17.4;
				LOCALIZATION_PREFERS_STRING_CATALOGS = YES;
				MTL_ENABLE_DEBUG_INFO = NO;
				MTL_FAST_MATH = YES;
				SDKROOT = iphoneos;
				SWIFT_COMPILATION_MODE = wholemodule;
				VALIDATE_PRODUCT = YES;
			};
			name = Release;
		};
		142D47772C2863EF00CAFCC9 /* Debug */ = {
			isa = XCBuildConfiguration;
			buildSettings = {
				ASSETCATALOG_COMPILER_APPICON_NAME = AppIcon;
				ASSETCATALOG_COMPILER_GLOBAL_ACCENT_COLOR_NAME = AccentColor;
				CODE_SIGN_STYLE = Automatic;
				CURRENT_PROJECT_VERSION = 1;
				DEVELOPMENT_ASSET_PATHS = "\"CookingApp/Preview Content\"";
				DEVELOPMENT_TEAM = T6D837MWJ7;
				ENABLE_PREVIEWS = YES;
				GENERATE_INFOPLIST_FILE = YES;
				INFOPLIST_KEY_LSApplicationCategoryType = "public.app-category.food-and-drink";
				INFOPLIST_KEY_UIApplicationSceneManifest_Generation = YES;
				INFOPLIST_KEY_UIApplicationSupportsIndirectInputEvents = YES;
				INFOPLIST_KEY_UILaunchScreen_Generation = YES;
				INFOPLIST_KEY_UISupportedInterfaceOrientations_iPad = "UIInterfaceOrientationPortrait UIInterfaceOrientationPortraitUpsideDown UIInterfaceOrientationLandscapeLeft UIInterfaceOrientationLandscapeRight";
				INFOPLIST_KEY_UISupportedInterfaceOrientations_iPhone = "UIInterfaceOrientationPortrait UIInterfaceOrientationLandscapeLeft UIInterfaceOrientationLandscapeRight";
				IPHONEOS_DEPLOYMENT_TARGET = 17.0;
				LD_RUNPATH_SEARCH_PATHS = (
					"$(inherited)",
					"@executable_path/Frameworks",
				);
				MARKETING_VERSION = 1.0;
				PRODUCT_BUNDLE_IDENTIFIER = com.mattlinder.CookingApp;
				PRODUCT_NAME = "$(TARGET_NAME)";
				SUPPORTED_PLATFORMS = "iphoneos iphonesimulator";
				SUPPORTS_MACCATALYST = NO;
				SUPPORTS_MAC_DESIGNED_FOR_IPHONE_IPAD = NO;
				SUPPORTS_XR_DESIGNED_FOR_IPHONE_IPAD = NO;
				SWIFT_EMIT_LOC_STRINGS = YES;
				SWIFT_VERSION = 5.0;
				TARGETED_DEVICE_FAMILY = "1,2";
			};
			name = Debug;
		};
		142D47782C2863EF00CAFCC9 /* Release */ = {
			isa = XCBuildConfiguration;
			buildSettings = {
				ASSETCATALOG_COMPILER_APPICON_NAME = AppIcon;
				ASSETCATALOG_COMPILER_GLOBAL_ACCENT_COLOR_NAME = AccentColor;
				CODE_SIGN_STYLE = Automatic;
				CURRENT_PROJECT_VERSION = 1;
				DEVELOPMENT_ASSET_PATHS = "\"CookingApp/Preview Content\"";
				DEVELOPMENT_TEAM = T6D837MWJ7;
				ENABLE_PREVIEWS = YES;
				GENERATE_INFOPLIST_FILE = YES;
				INFOPLIST_KEY_LSApplicationCategoryType = "public.app-category.food-and-drink";
				INFOPLIST_KEY_UIApplicationSceneManifest_Generation = YES;
				INFOPLIST_KEY_UIApplicationSupportsIndirectInputEvents = YES;
				INFOPLIST_KEY_UILaunchScreen_Generation = YES;
				INFOPLIST_KEY_UISupportedInterfaceOrientations_iPad = "UIInterfaceOrientationPortrait UIInterfaceOrientationPortraitUpsideDown UIInterfaceOrientationLandscapeLeft UIInterfaceOrientationLandscapeRight";
				INFOPLIST_KEY_UISupportedInterfaceOrientations_iPhone = "UIInterfaceOrientationPortrait UIInterfaceOrientationLandscapeLeft UIInterfaceOrientationLandscapeRight";
				IPHONEOS_DEPLOYMENT_TARGET = 17.0;
				LD_RUNPATH_SEARCH_PATHS = (
					"$(inherited)",
					"@executable_path/Frameworks",
				);
				MARKETING_VERSION = 1.0;
				PRODUCT_BUNDLE_IDENTIFIER = com.mattlinder.CookingApp;
				PRODUCT_NAME = "$(TARGET_NAME)";
				SUPPORTED_PLATFORMS = "iphoneos iphonesimulator";
				SUPPORTS_MACCATALYST = NO;
				SUPPORTS_MAC_DESIGNED_FOR_IPHONE_IPAD = NO;
				SUPPORTS_XR_DESIGNED_FOR_IPHONE_IPAD = NO;
				SWIFT_EMIT_LOC_STRINGS = YES;
				SWIFT_VERSION = 5.0;
				TARGETED_DEVICE_FAMILY = "1,2";
			};
			name = Release;
		};
/* End XCBuildConfiguration section */

/* Begin XCConfigurationList section */
		142D47632C2863ED00CAFCC9 /* Build configuration list for PBXProject "CookingApp" */ = {
			isa = XCConfigurationList;
			buildConfigurations = (
				142D47742C2863EF00CAFCC9 /* Debug */,
				142D47752C2863EF00CAFCC9 /* Release */,
			);
			defaultConfigurationIsVisible = 0;
			defaultConfigurationName = Release;
		};
		142D47762C2863EF00CAFCC9 /* Build configuration list for PBXNativeTarget "CookingApp" */ = {
			isa = XCConfigurationList;
			buildConfigurations = (
				142D47772C2863EF00CAFCC9 /* Debug */,
				142D47782C2863EF00CAFCC9 /* Release */,
			);
			defaultConfigurationIsVisible = 0;
			defaultConfigurationName = Release;
		};
/* End XCConfigurationList section */
	};
	rootObject = 142D47602C2863ED00CAFCC9 /* Project object */;
}
